// !$*UTF8*$!
{
	archiveVersion = 1;
	classes = {
	};
	objectVersion = 56;
	objects = {

/* Begin PBXBuildFile section */
		7C082AC22ADF8351001DB72C /* FilteredList.swift in Sources */ = {isa = PBXBuildFile; fileRef = 7C082AC12ADF8351001DB72C /* FilteredList.swift */; };
		7C67FCEE2ADBEEAA0007440C /* coreDataProjectApp.swift in Sources */ = {isa = PBXBuildFile; fileRef = 7C67FCED2ADBEEAA0007440C /* coreDataProjectApp.swift */; };
		7C67FCF02ADBEEAA0007440C /* ContentView.swift in Sources */ = {isa = PBXBuildFile; fileRef = 7C67FCEF2ADBEEAA0007440C /* ContentView.swift */; };
		7C67FCF22ADBEEAC0007440C /* Assets.xcassets in Resources */ = {isa = PBXBuildFile; fileRef = 7C67FCF12ADBEEAC0007440C /* Assets.xcassets */; };
		7C67FCF52ADBEEAC0007440C /* Preview Assets.xcassets in Resources */ = {isa = PBXBuildFile; fileRef = 7C67FCF42ADBEEAC0007440C /* Preview Assets.xcassets */; };
		7C67FCFF2ADBEF470007440C /* CoreDataProject.xcdatamodeld in Sources */ = {isa = PBXBuildFile; fileRef = 7C67FCFD2ADBEF470007440C /* CoreDataProject.xcdatamodeld */; };
		7C67FD012ADBEF8E0007440C /* DataController.swift in Sources */ = {isa = PBXBuildFile; fileRef = 7C67FD002ADBEF8E0007440C /* DataController.swift */; };
		7CCE88E32ADCFAF6003D4DAE /* Candy+CoreDataClass.swift in Sources */ = {isa = PBXBuildFile; fileRef = 7CCE88DF2ADCFAF6003D4DAE /* Candy+CoreDataClass.swift */; };
		7CCE88E42ADCFAF6003D4DAE /* Candy+CoreDataProperties.swift in Sources */ = {isa = PBXBuildFile; fileRef = 7CCE88E02ADCFAF6003D4DAE /* Candy+CoreDataProperties.swift */; };
		7CCE88E52ADCFAF6003D4DAE /* Country+CoreDataClass.swift in Sources */ = {isa = PBXBuildFile; fileRef = 7CCE88E12ADCFAF6003D4DAE /* Country+CoreDataClass.swift */; };
		7CCE88E62ADCFAF6003D4DAE /* Country+CoreDataProperties.swift in Sources */ = {isa = PBXBuildFile; fileRef = 7CCE88E22ADCFAF6003D4DAE /* Country+CoreDataProperties.swift */; };
		7CCE88E82ADD07E9003D4DAE /* LaunchScreen.storyboard in Resources */ = {isa = PBXBuildFile; fileRef = 7CCE88E72ADD07E9003D4DAE /* LaunchScreen.storyboard */; };
/* End PBXBuildFile section */

/* Begin PBXFileReference section */
		7C082AC12ADF8351001DB72C /* FilteredList.swift */ = {isa = PBXFileReference; lastKnownFileType = sourcecode.swift; path = FilteredList.swift; sourceTree = "<group>"; };
		7C381AFD2AE8CFE4007985C7 /* SfAtarianSystemExtendedBold-XX8g.ttf */ = {isa = PBXFileReference; lastKnownFileType = file; path = "SfAtarianSystemExtendedBold-XX8g.ttf"; sourceTree = "<group>"; };
		7C67FCEA2ADBEEAA0007440C /* coreDataProject.app */ = {isa = PBXFileReference; explicitFileType = wrapper.application; includeInIndex = 0; path = coreDataProject.app; sourceTree = BUILT_PRODUCTS_DIR; };
		7C67FCED2ADBEEAA0007440C /* coreDataProjectApp.swift */ = {isa = PBXFileReference; lastKnownFileType = sourcecode.swift; path = coreDataProjectApp.swift; sourceTree = "<group>"; };
		7C67FCEF2ADBEEAA0007440C /* ContentView.swift */ = {isa = PBXFileReference; lastKnownFileType = sourcecode.swift; path = ContentView.swift; sourceTree = "<group>"; };
		7C67FCF12ADBEEAC0007440C /* Assets.xcassets */ = {isa = PBXFileReference; lastKnownFileType = folder.assetcatalog; path = Assets.xcassets; sourceTree = "<group>"; };
		7C67FCF42ADBEEAC0007440C /* Preview Assets.xcassets */ = {isa = PBXFileReference; lastKnownFileType = folder.assetcatalog; path = "Preview Assets.xcassets"; sourceTree = "<group>"; };
		7C67FCFE2ADBEF470007440C /* CoreDataProject.xcdatamodel */ = {isa = PBXFileReference; lastKnownFileType = wrapper.xcdatamodel; path = CoreDataProject.xcdatamodel; sourceTree = "<group>"; };
		7C67FD002ADBEF8E0007440C /* DataController.swift */ = {isa = PBXFileReference; lastKnownFileType = sourcecode.swift; path = DataController.swift; sourceTree = "<group>"; };
		7CCE88DF2ADCFAF6003D4DAE /* Candy+CoreDataClass.swift */ = {isa = PBXFileReference; lastKnownFileType = sourcecode.swift; path = "Candy+CoreDataClass.swift"; sourceTree = "<group>"; };
		7CCE88E02ADCFAF6003D4DAE /* Candy+CoreDataProperties.swift */ = {isa = PBXFileReference; lastKnownFileType = sourcecode.swift; path = "Candy+CoreDataProperties.swift"; sourceTree = "<group>"; };
		7CCE88E12ADCFAF6003D4DAE /* Country+CoreDataClass.swift */ = {isa = PBXFileReference; lastKnownFileType = sourcecode.swift; path = "Country+CoreDataClass.swift"; sourceTree = "<group>"; };
		7CCE88E22ADCFAF6003D4DAE /* Country+CoreDataProperties.swift */ = {isa = PBXFileReference; lastKnownFileType = sourcecode.swift; path = "Country+CoreDataProperties.swift"; sourceTree = "<group>"; };
		7CCE88E72ADD07E9003D4DAE /* LaunchScreen.storyboard */ = {isa = PBXFileReference; fileEncoding = 4; lastKnownFileType = file.storyboard; path = LaunchScreen.storyboard; sourceTree = "<group>"; };
/* End PBXFileReference section */

/* Begin PBXFrameworksBuildPhase section */
		7C67FCE72ADBEEAA0007440C /* Frameworks */ = {
			isa = PBXFrameworksBuildPhase;
			buildActionMask = 2147483647;
			files = (
			);
			runOnlyForDeploymentPostprocessing = 0;
		};
/* End PBXFrameworksBuildPhase section */

/* Begin PBXGroup section */
		7C67FCE12ADBEEAA0007440C = {
			isa = PBXGroup;
			children = (
				7C67FCEC2ADBEEAA0007440C /* coreDataProject */,
				7C67FCEB2ADBEEAA0007440C /* Products */,
			);
			sourceTree = "<group>";
		};
		7C67FCEB2ADBEEAA0007440C /* Products */ = {
			isa = PBXGroup;
			children = (
				7C67FCEA2ADBEEAA0007440C /* coreDataProject.app */,
			);
			name = Products;
			sourceTree = "<group>";
		};
		7C67FCEC2ADBEEAA0007440C /* coreDataProject */ = {
			isa = PBXGroup;
			children = (
				7C67FCED2ADBEEAA0007440C /* coreDataProjectApp.swift */,
				7C67FCFC2ADBEF0E0007440C /* VIEWS */,
				7C67FCFB2ADBEF030007440C /* DATA */,
				7C67FCF12ADBEEAC0007440C /* Assets.xcassets */,
				7C381AFD2AE8CFE4007985C7 /* SfAtarianSystemExtendedBold-XX8g.ttf */,
				7C67FCF32ADBEEAC0007440C /* Preview Content */,
			);
			path = coreDataProject;
			sourceTree = "<group>";
		};
		7C67FCF32ADBEEAC0007440C /* Preview Content */ = {
			isa = PBXGroup;
			children = (
				7C67FCF42ADBEEAC0007440C /* Preview Assets.xcassets */,
			);
			path = "Preview Content";
			sourceTree = "<group>";
		};
		7C67FCFB2ADBEF030007440C /* DATA */ = {
			isa = PBXGroup;
			children = (
				7CCE88DF2ADCFAF6003D4DAE /* Candy+CoreDataClass.swift */,
				7CCE88E02ADCFAF6003D4DAE /* Candy+CoreDataProperties.swift */,
				7CCE88E12ADCFAF6003D4DAE /* Country+CoreDataClass.swift */,
				7CCE88E22ADCFAF6003D4DAE /* Country+CoreDataProperties.swift */,
				7C67FCFD2ADBEF470007440C /* CoreDataProject.xcdatamodeld */,
				7C67FD002ADBEF8E0007440C /* DataController.swift */,
				7C082AC12ADF8351001DB72C /* FilteredList.swift */,
			);
			path = DATA;
			sourceTree = "<group>";
		};
		7C67FCFC2ADBEF0E0007440C /* VIEWS */ = {
			isa = PBXGroup;
			children = (
				7C67FCEF2ADBEEAA0007440C /* ContentView.swift */,
				7CCE88E72ADD07E9003D4DAE /* LaunchScreen.storyboard */,
			);
			path = VIEWS;
			sourceTree = "<group>";
		};
/* End PBXGroup section */

/* Begin PBXNativeTarget section */
		7C67FCE92ADBEEAA0007440C /* coreDataProject */ = {
			isa = PBXNativeTarget;
			buildConfigurationList = 7C67FCF82ADBEEAC0007440C /* Build configuration list for PBXNativeTarget "coreDataProject" */;
			buildPhases = (
				7C67FCE62ADBEEAA0007440C /* Sources */,
				7C67FCE72ADBEEAA0007440C /* Frameworks */,
				7C67FCE82ADBEEAA0007440C /* Resources */,
			);
			buildRules = (
			);
			dependencies = (
			);
			name = coreDataProject;
			productName = coreDataProject;
			productReference = 7C67FCEA2ADBEEAA0007440C /* coreDataProject.app */;
			productType = "com.apple.product-type.application";
		};
/* End PBXNativeTarget section */

/* Begin PBXProject section */
		7C67FCE22ADBEEAA0007440C /* Project object */ = {
			isa = PBXProject;
			attributes = {
				BuildIndependentTargetsInParallel = 1;
				LastSwiftUpdateCheck = 1500;
				LastUpgradeCheck = 1500;
				TargetAttributes = {
					7C67FCE92ADBEEAA0007440C = {
						CreatedOnToolsVersion = 15.0;
					};
				};
			};
			buildConfigurationList = 7C67FCE52ADBEEAA0007440C /* Build configuration list for PBXProject "coreDataProject" */;
			compatibilityVersion = "Xcode 14.0";
			developmentRegion = en;
			hasScannedForEncodings = 0;
			knownRegions = (
				en,
				Base,
			);
			mainGroup = 7C67FCE12ADBEEAA0007440C;
			productRefGroup = 7C67FCEB2ADBEEAA0007440C /* Products */;
			projectDirPath = "";
			projectRoot = "";
			targets = (
				7C67FCE92ADBEEAA0007440C /* coreDataProject */,
			);
		};
/* End PBXProject section */

/* Begin PBXResourcesBuildPhase section */
		7C67FCE82ADBEEAA0007440C /* Resources */ = {
			isa = PBXResourcesBuildPhase;
			buildActionMask = 2147483647;
			files = (
				7CCE88E82ADD07E9003D4DAE /* LaunchScreen.storyboard in Resources */,
				7C67FCF52ADBEEAC0007440C /* Preview Assets.xcassets in Resources */,
				7C67FCF22ADBEEAC0007440C /* Assets.xcassets in Resources */,
			);
			runOnlyForDeploymentPostprocessing = 0;
		};
/* End PBXResourcesBuildPhase section */

/* Begin PBXSourcesBuildPhase section */
		7C67FCE62ADBEEAA0007440C /* Sources */ = {
			isa = PBXSourcesBuildPhase;
			buildActionMask = 2147483647;
			files = (
				7C67FCF02ADBEEAA0007440C /* ContentView.swift in Sources */,
				7CCE88E32ADCFAF6003D4DAE /* Candy+CoreDataClass.swift in Sources */,
				7C082AC22ADF8351001DB72C /* FilteredList.swift in Sources */,
				7C67FD012ADBEF8E0007440C /* DataController.swift in Sources */,
				7CCE88E42ADCFAF6003D4DAE /* Candy+CoreDataProperties.swift in Sources */,
				7CCE88E62ADCFAF6003D4DAE /* Country+CoreDataProperties.swift in Sources */,
				7CCE88E52ADCFAF6003D4DAE /* Country+CoreDataClass.swift in Sources */,
				7C67FCEE2ADBEEAA0007440C /* coreDataProjectApp.swift in Sources */,
				7C67FCFF2ADBEF470007440C /* CoreDataProject.xcdatamodeld in Sources */,
			);
			runOnlyForDeploymentPostprocessing = 0;
		};
/* End PBXSourcesBuildPhase section */

/* Begin XCBuildConfiguration section */
		7C67FCF62ADBEEAC0007440C /* Debug */ = {
			isa = XCBuildConfiguration;
			buildSettings = {
				ALWAYS_SEARCH_USER_PATHS = NO;
				ASSETCATALOG_COMPILER_GENERATE_SWIFT_ASSET_SYMBOL_EXTENSIONS = YES;
				CLANG_ANALYZER_NONNULL = YES;
				CLANG_ANALYZER_NUMBER_OBJECT_CONVERSION = YES_AGGRESSIVE;
				CLANG_CXX_LANGUAGE_STANDARD = "gnu++20";
				CLANG_ENABLE_MODULES = YES;
				CLANG_ENABLE_OBJC_ARC = YES;
				CLANG_ENABLE_OBJC_WEAK = YES;
				CLANG_WARN_BLOCK_CAPTURE_AUTORELEASING = YES;
				CLANG_WARN_BOOL_CONVERSION = YES;
				CLANG_WARN_COMMA = YES;
				CLANG_WARN_CONSTANT_CONVERSION = YES;
				CLANG_WARN_DEPRECATED_OBJC_IMPLEMENTATIONS = YES;
				CLANG_WARN_DIRECT_OBJC_ISA_USAGE = YES_ERROR;
				CLANG_WARN_DOCUMENTATION_COMMENTS = YES;
				CLANG_WARN_EMPTY_BODY = YES;
				CLANG_WARN_ENUM_CONVERSION = YES;
				CLANG_WARN_INFINITE_RECURSION = YES;
				CLANG_WARN_INT_CONVERSION = YES;
				CLANG_WARN_NON_LITERAL_NULL_CONVERSION = YES;
				CLANG_WARN_OBJC_IMPLICIT_RETAIN_SELF = YES;
				CLANG_WARN_OBJC_LITERAL_CONVERSION = YES;
				CLANG_WARN_OBJC_ROOT_CLASS = YES_ERROR;
				CLANG_WARN_QUOTED_INCLUDE_IN_FRAMEWORK_HEADER = YES;
				CLANG_WARN_RANGE_LOOP_ANALYSIS = YES;
				CLANG_WARN_STRICT_PROTOTYPES = YES;
				CLANG_WARN_SUSPICIOUS_MOVE = YES;
				CLANG_WARN_UNGUARDED_AVAILABILITY = YES_AGGRESSIVE;
				CLANG_WARN_UNREACHABLE_CODE = YES;
				CLANG_WARN__DUPLICATE_METHOD_MATCH = YES;
				COPY_PHASE_STRIP = NO;
				DEBUG_INFORMATION_FORMAT = dwarf;
				ENABLE_STRICT_OBJC_MSGSEND = YES;
				ENABLE_TESTABILITY = YES;
				ENABLE_USER_SCRIPT_SANDBOXING = YES;
				GCC_C_LANGUAGE_STANDARD = gnu17;
				GCC_DYNAMIC_NO_PIC = NO;
				GCC_NO_COMMON_BLOCKS = YES;
				GCC_OPTIMIZATION_LEVEL = 0;
				GCC_PREPROCESSOR_DEFINITIONS = (
					"DEBUG=1",
					"$(inherited)",
				);
				GCC_WARN_64_TO_32_BIT_CONVERSION = YES;
				GCC_WARN_ABOUT_RETURN_TYPE = YES_ERROR;
				GCC_WARN_UNDECLARED_SELECTOR = YES;
				GCC_WARN_UNINITIALIZED_AUTOS = YES_AGGRESSIVE;
				GCC_WARN_UNUSED_FUNCTION = YES;
				GCC_WARN_UNUSED_VARIABLE = YES;
				IPHONEOS_DEPLOYMENT_TARGET = 17.0;
				LOCALIZATION_PREFERS_STRING_CATALOGS = YES;
				MTL_ENABLE_DEBUG_INFO = INCLUDE_SOURCE;
				MTL_FAST_MATH = YES;
				ONLY_ACTIVE_ARCH = YES;
				SDKROOT = iphoneos;
				SWIFT_ACTIVE_COMPILATION_CONDITIONS = "DEBUG $(inherited)";
				SWIFT_OPTIMIZATION_LEVEL = "-Onone";
			};
			name = Debug;
		};
		7C67FCF72ADBEEAC0007440C /* Release */ = {
			isa = XCBuildConfiguration;
			buildSettings = {
				ALWAYS_SEARCH_USER_PATHS = NO;
				ASSETCATALOG_COMPILER_GENERATE_SWIFT_ASSET_SYMBOL_EXTENSIONS = YES;
				CLANG_ANALYZER_NONNULL = YES;
				CLANG_ANALYZER_NUMBER_OBJECT_CONVERSION = YES_AGGRESSIVE;
				CLANG_CXX_LANGUAGE_STANDARD = "gnu++20";
				CLANG_ENABLE_MODULES = YES;
				CLANG_ENABLE_OBJC_ARC = YES;
				CLANG_ENABLE_OBJC_WEAK = YES;
				CLANG_WARN_BLOCK_CAPTURE_AUTORELEASING = YES;
				CLANG_WARN_BOOL_CONVERSION = YES;
				CLANG_WARN_COMMA = YES;
				CLANG_WARN_CONSTANT_CONVERSION = YES;
				CLANG_WARN_DEPRECATED_OBJC_IMPLEMENTATIONS = YES;
				CLANG_WARN_DIRECT_OBJC_ISA_USAGE = YES_ERROR;
				CLANG_WARN_DOCUMENTATION_COMMENTS = YES;
				CLANG_WARN_EMPTY_BODY = YES;
				CLANG_WARN_ENUM_CONVERSION = YES;
				CLANG_WARN_INFINITE_RECURSION = YES;
				CLANG_WARN_INT_CONVERSION = YES;
				CLANG_WARN_NON_LITERAL_NULL_CONVERSION = YES;
				CLANG_WARN_OBJC_IMPLICIT_RETAIN_SELF = YES;
				CLANG_WARN_OBJC_LITERAL_CONVERSION = YES;
				CLANG_WARN_OBJC_ROOT_CLASS = YES_ERROR;
				CLANG_WARN_QUOTED_INCLUDE_IN_FRAMEWORK_HEADER = YES;
				CLANG_WARN_RANGE_LOOP_ANALYSIS = YES;
				CLANG_WARN_STRICT_PROTOTYPES = YES;
				CLANG_WARN_SUSPICIOUS_MOVE = YES;
				CLANG_WARN_UNGUARDED_AVAILABILITY = YES_AGGRESSIVE;
				CLANG_WARN_UNREACHABLE_CODE = YES;
				CLANG_WARN__DUPLICATE_METHOD_MATCH = YES;
				COPY_PHASE_STRIP = NO;
				DEBUG_INFORMATION_FORMAT = "dwarf-with-dsym";
				ENABLE_NS_ASSERTIONS = NO;
				ENABLE_STRICT_OBJC_MSGSEND = YES;
				ENABLE_USER_SCRIPT_SANDBOXING = YES;
				GCC_C_LANGUAGE_STANDARD = gnu17;
				GCC_NO_COMMON_BLOCKS = YES;
				GCC_WARN_64_TO_32_BIT_CONVERSION = YES;
				GCC_WARN_ABOUT_RETURN_TYPE = YES_ERROR;
				GCC_WARN_UNDECLARED_SELECTOR = YES;
				GCC_WARN_UNINITIALIZED_AUTOS = YES_AGGRESSIVE;
				GCC_WARN_UNUSED_FUNCTION = YES;
				GCC_WARN_UNUSED_VARIABLE = YES;
				IPHONEOS_DEPLOYMENT_TARGET = 17.0;
				LOCALIZATION_PREFERS_STRING_CATALOGS = YES;
				MTL_ENABLE_DEBUG_INFO = NO;
				MTL_FAST_MATH = YES;
				SDKROOT = iphoneos;
				SWIFT_COMPILATION_MODE = wholemodule;
				VALIDATE_PRODUCT = YES;
			};
			name = Release;
		};
		7C67FCF92ADBEEAC0007440C /* Debug */ = {
			isa = XCBuildConfiguration;
			buildSettings = {
				ASSETCATALOG_COMPILER_APPICON_NAME = AppIcon;
				ASSETCATALOG_COMPILER_GLOBAL_ACCENT_COLOR_NAME = AccentColor;
				CODE_SIGN_STYLE = Automatic;
				CURRENT_PROJECT_VERSION = 1;
				DEVELOPMENT_ASSET_PATHS = "\"coreDataProject/Preview Content\"";
				DEVELOPMENT_TEAM = 26ZTB6MRV7;
				ENABLE_PREVIEWS = YES;
				GENERATE_INFOPLIST_FILE = YES;
				INFOPLIST_KEY_UIApplicationSceneManifest_Generation = YES;
				INFOPLIST_KEY_UIApplicationSupportsIndirectInputEvents = YES;
				INFOPLIST_KEY_UILaunchScreen_Generation = YES;
				INFOPLIST_KEY_UISupportedInterfaceOrientations_iPad = "UIInterfaceOrientationPortrait UIInterfaceOrientationPortraitUpsideDown UIInterfaceOrientationLandscapeLeft UIInterfaceOrientationLandscapeRight";
				INFOPLIST_KEY_UISupportedInterfaceOrientations_iPhone = "UIInterfaceOrientationPortrait UIInterfaceOrientationLandscapeLeft UIInterfaceOrientationLandscapeRight";
				LD_RUNPATH_SEARCH_PATHS = (
					"$(inherited)",
					"@executable_path/Frameworks",
				);
				MARKETING_VERSION = 1.0;
				PRODUCT_BUNDLE_IDENTIFIER = YNML.coreDataProject;
				PRODUCT_NAME = "$(TARGET_NAME)";
				SWIFT_EMIT_LOC_STRINGS = YES;
				SWIFT_VERSION = 5.0;
				TARGETED_DEVICE_FAMILY = "1,2";
			};
			name = Debug;
		};
		7C67FCFA2ADBEEAC0007440C /* Release */ = {
			isa = XCBuildConfiguration;
			buildSettings = {
				ASSETCATALOG_COMPILER_APPICON_NAME = AppIcon;
				ASSETCATALOG_COMPILER_GLOBAL_ACCENT_COLOR_NAME = AccentColor;
				CODE_SIGN_STYLE = Automatic;
				CURRENT_PROJECT_VERSION = 1;
				DEVELOPMENT_ASSET_PATHS = "\"coreDataProject/Preview Content\"";
				DEVELOPMENT_TEAM = 26ZTB6MRV7;
				ENABLE_PREVIEWS = YES;
				GENERATE_INFOPLIST_FILE = YES;
				INFOPLIST_KEY_UIApplicationSceneManifest_Generation = YES;
				INFOPLIST_KEY_UIApplicationSupportsIndirectInputEvents = YES;
				INFOPLIST_KEY_UILaunchScreen_Generation = YES;
				INFOPLIST_KEY_UISupportedInterfaceOrientations_iPad = "UIInterfaceOrientationPortrait UIInterfaceOrientationPortraitUpsideDown UIInterfaceOrientationLandscapeLeft UIInterfaceOrientationLandscapeRight";
				INFOPLIST_KEY_UISupportedInterfaceOrientations_iPhone = "UIInterfaceOrientationPortrait UIInterfaceOrientationLandscapeLeft UIInterfaceOrientationLandscapeRight";
				LD_RUNPATH_SEARCH_PATHS = (
					"$(inherited)",
					"@executable_path/Frameworks",
				);
				MARKETING_VERSION = 1.0;
				PRODUCT_BUNDLE_IDENTIFIER = YNML.coreDataProject;
				PRODUCT_NAME = "$(TARGET_NAME)";
				SWIFT_EMIT_LOC_STRINGS = YES;
				SWIFT_VERSION = 5.0;
				TARGETED_DEVICE_FAMILY = "1,2";
			};
			name = Release;
		};
/* End XCBuildConfiguration section */

/* Begin XCConfigurationList section */
		7C67FCE52ADBEEAA0007440C /* Build configuration list for PBXProject "coreDataProject" */ = {
			isa = XCConfigurationList;
			buildConfigurations = (
				7C67FCF62ADBEEAC0007440C /* Debug */,
				7C67FCF72ADBEEAC0007440C /* Release */,
			);
			defaultConfigurationIsVisible = 0;
			defaultConfigurationName = Release;
		};
		7C67FCF82ADBEEAC0007440C /* Build configuration list for PBXNativeTarget "coreDataProject" */ = {
			isa = XCConfigurationList;
			buildConfigurations = (
				7C67FCF92ADBEEAC0007440C /* Debug */,
				7C67FCFA2ADBEEAC0007440C /* Release */,
			);
			defaultConfigurationIsVisible = 0;
			defaultConfigurationName = Release;
		};
/* End XCConfigurationList section */

/* Begin XCVersionGroup section */
		7C67FCFD2ADBEF470007440C /* CoreDataProject.xcdatamodeld */ = {
			isa = XCVersionGroup;
			children = (
				7C67FCFE2ADBEF470007440C /* CoreDataProject.xcdatamodel */,
			);
			currentVersion = 7C67FCFE2ADBEF470007440C /* CoreDataProject.xcdatamodel */;
			path = CoreDataProject.xcdatamodeld;
			sourceTree = "<group>";
			versionGroupType = wrapper.xcdatamodel;
		};
/* End XCVersionGroup section */
	};
	rootObject = 7C67FCE22ADBEEAA0007440C /* Project object */;
}
